
Microsoft Visual Studio Solution File, Format Version 12.00
Project("{FAE04EC0-301F-11D3-BF4B-00C04F79EFBC}") = "Alfred", "Alfred.csproj", "{DD517301-0E92-4035-9693-D0F8D67C3D0C}"
EndProject
Global
	GlobalSection(SolutionConfigurationPlatforms) = preSolution
		Debug|Any CPU = Debug|Any CPU
		Release|Any CPU = Release|Any CPU
	EndGlobalSection
	GlobalSection(ProjectConfigurationPlatforms) = postSolution
		{DD517301-0E92-4035-9693-D0F8D67C3D0C}.Debug|Any CPU.ActiveCfg = Debug|Any CPU
		{DD517301-0E92-4035-9693-D0F8D67C3D0C}.Debug|Any CPU.Build.0 = Debug|Any CPU
		{DD517301-0E92-4035-9693-D0F8D67C3D0C}.Release|Any CPU.ActiveCfg = Release|Any CPU
		{DD517301-0E92-4035-9693-D0F8D67C3D0C}.Release|Any CPU.Build.0 = Release|Any CPU
	EndGlobalSection
EndGlobal
